
Microsoft Visual Studio Solution File, Format Version 12.00
# Visual Studio Version 17
VisualStudioVersion = 17.11.35312.102
MinimumVisualStudioVersion = 10.0.40219.1
Project("{888888A0-9F3D-457C-B088-3A5042F75D52}") = "лаб1", "лаб1\лаб1.pyproj", "{FC052B27-19AE-48D3-A378-AF862A9F3989}"
EndProject
Global
	GlobalSection(SolutionConfigurationPlatforms) = preSolution
		Debug|Any CPU = Debug|Any CPU
		Release|Any CPU = Release|Any CPU
	EndGlobalSection
	GlobalSection(ProjectConfigurationPlatforms) = postSolution
		{FC052B27-19AE-48D3-A378-AF862A9F3989}.Debug|Any CPU.ActiveCfg = Debug|Any CPU
		{FC052B27-19AE-48D3-A378-AF862A9F3989}.Debug|Any CPU.Build.0 = Debug|Any CPU
		{FC052B27-19AE-48D3-A378-AF862A9F3989}.Release|Any CPU.ActiveCfg = Release|Any CPU
		{FC052B27-19AE-48D3-A378-AF862A9F3989}.Release|Any CPU.Build.0 = Release|Any CPU
	EndGlobalSection
	GlobalSection(SolutionProperties) = preSolution
		HideSolutionNode = FALSE
	EndGlobalSection
	GlobalSection(ExtensibilityGlobals) = postSolution
		SolutionGuid = {C3F66D44-A1F9-4181-803B-FA867254ED82}
	EndGlobalSection
EndGlobal
